// !$*UTF8*$!
{
	archiveVersion = 1;
	classes = {
	};
	objectVersion = 56;
	objects = {

/* Begin PBXBuildFile section */
		880448762C1B0E6C00DB7B26 /* Constant.swift in Sources */ = {isa = PBXBuildFile; fileRef = 880448752C1B0E6C00DB7B26 /* Constant.swift */; };
		883A7DC32C1B0A6C00A4665E /* AppDelegate.swift in Sources */ = {isa = PBXBuildFile; fileRef = 883A7DC22C1B0A6C00A4665E /* AppDelegate.swift */; };
		883A7DC52C1B0A6C00A4665E /* SceneDelegate.swift in Sources */ = {isa = PBXBuildFile; fileRef = 883A7DC42C1B0A6C00A4665E /* SceneDelegate.swift */; };
		883A7DCC2C1B0A6D00A4665E /* Assets.xcassets in Resources */ = {isa = PBXBuildFile; fileRef = 883A7DCB2C1B0A6D00A4665E /* Assets.xcassets */; };
		883A7DCF2C1B0A6D00A4665E /* Base in Resources */ = {isa = PBXBuildFile; fileRef = 883A7DCE2C1B0A6D00A4665E /* Base */; };
		883A7DD72C1B0B5C00A4665E /* .gitignore in Resources */ = {isa = PBXBuildFile; fileRef = 883A7DD62C1B0B5C00A4665E /* .gitignore */; };
		883A7DDA2C1B0B7700A4665E /* IQKeyboardManagerSwift in Frameworks */ = {isa = PBXBuildFile; productRef = 883A7DD92C1B0B7700A4665E /* IQKeyboardManagerSwift */; };
		883A7DDD2C1B0B8000A4665E /* SnapKit in Frameworks */ = {isa = PBXBuildFile; productRef = 883A7DDC2C1B0B8000A4665E /* SnapKit */; };
		883A7DE32C1B0B9700A4665E /* Toast in Frameworks */ = {isa = PBXBuildFile; productRef = 883A7DE22C1B0B9700A4665E /* Toast */; };
		883A7DE62C1B0BA400A4665E /* Kingfisher in Frameworks */ = {isa = PBXBuildFile; productRef = 883A7DE52C1B0BA400A4665E /* Kingfisher */; };
		883E55892C255ED600A74170 /* APIManager.swift in Sources */ = {isa = PBXBuildFile; fileRef = 883E55882C255ED600A74170 /* APIManager.swift */; };
		8849DF4A2C26A7CD00F2711B /* NetworkView.swift in Sources */ = {isa = PBXBuildFile; fileRef = 8849DF492C26A7CD00F2711B /* NetworkView.swift */; };
		8871F65F2C1C510300A7A36B /* ProfileCollectionViewCell.swift in Sources */ = {isa = PBXBuildFile; fileRef = 8871F65E2C1C510300A7A36B /* ProfileCollectionViewCell.swift */; };
		8871F6612C1C513E00A7A36B /* ReusableProtocol.swift in Sources */ = {isa = PBXBuildFile; fileRef = 8871F6602C1C513E00A7A36B /* ReusableProtocol.swift */; };
		8871F6632C1C63D800A7A36B /* RoundProfileView.swift in Sources */ = {isa = PBXBuildFile; fileRef = 8871F6622C1C63D800A7A36B /* RoundProfileView.swift */; };
		8871F6672C1C6DAA00A7A36B /* SearchViewController.swift in Sources */ = {isa = PBXBuildFile; fileRef = 8871F6662C1C6DAA00A7A36B /* SearchViewController.swift */; };
		8871F6692C1C6DD600A7A36B /* SettingViewController.swift in Sources */ = {isa = PBXBuildFile; fileRef = 8871F6682C1C6DD600A7A36B /* SettingViewController.swift */; };
		8871F66F2C1C6F9400A7A36B /* UserDefaultsManager.swift in Sources */ = {isa = PBXBuildFile; fileRef = 8871F66E2C1C6F9400A7A36B /* UserDefaultsManager.swift */; };
		887B29982C1B133C009F3630 /* OnboardingViewController.swift in Sources */ = {isa = PBXBuildFile; fileRef = 887B29972C1B133C009F3630 /* OnboardingViewController.swift */; };
		887B299B2C1B1424009F3630 /* BaseProtocol.swift in Sources */ = {isa = PBXBuildFile; fileRef = 887B299A2C1B1424009F3630 /* BaseProtocol.swift */; };
		887B299E2C1B14A9009F3630 /* UIViewController+Extension.swift in Sources */ = {isa = PBXBuildFile; fileRef = 887B299D2C1B14A9009F3630 /* UIViewController+Extension.swift */; };
		887B29A12C1B1592009F3630 /* RoundButton.swift in Sources */ = {isa = PBXBuildFile; fileRef = 887B29A02C1B1592009F3630 /* RoundButton.swift */; };
		887B29A32C1B1AEE009F3630 /* NicknameViewController.swift in Sources */ = {isa = PBXBuildFile; fileRef = 887B29A22C1B1AEE009F3630 /* NicknameViewController.swift */; };
		8891D23C2C1EB9E20007F60E /* DetailViewController.swift in Sources */ = {isa = PBXBuildFile; fileRef = 8891D23B2C1EB9E20007F60E /* DetailViewController.swift */; };
		8891D23E2C1ECD9F0007F60E /* SettingTableViewCell.swift in Sources */ = {isa = PBXBuildFile; fileRef = 8891D23D2C1ECD9F0007F60E /* SettingTableViewCell.swift */; };
		8899152D2C1BEA460088C795 /* RoundImageView.swift in Sources */ = {isa = PBXBuildFile; fileRef = 8899152C2C1BEA460088C795 /* RoundImageView.swift */; };
		8899152F2C1BEA5C0088C795 /* UnderLineTextField.swift in Sources */ = {isa = PBXBuildFile; fileRef = 8899152E2C1BEA5C0088C795 /* UnderLineTextField.swift */; };
		88B875382C1C199C00F19CE6 /* String+Extension.swift in Sources */ = {isa = PBXBuildFile; fileRef = 88B875372C1C199C00F19CE6 /* String+Extension.swift */; };
		88B8753A2C1C2AFE00F19CE6 /* ProfileViewController.swift in Sources */ = {isa = PBXBuildFile; fileRef = 88B875392C1C2AFE00F19CE6 /* ProfileViewController.swift */; };
		88B8753C2C1C2B7100F19CE6 /* ShopTabBarController.swift in Sources */ = {isa = PBXBuildFile; fileRef = 88B8753B2C1C2B7100F19CE6 /* ShopTabBarController.swift */; };
		88C445DA2C26982D00F498C7 /* NetworkMonitor.swift in Sources */ = {isa = PBXBuildFile; fileRef = 88C445D92C26982D00F498C7 /* NetworkMonitor.swift */; };
		88CE76922C2003C700644F7A /* Notification.swift in Sources */ = {isa = PBXBuildFile; fileRef = 88CE76912C2003C700644F7A /* Notification.swift */; };
		88CE76942C202CB200644F7A /* Date+Extension.swift in Sources */ = {isa = PBXBuildFile; fileRef = 88CE76932C202CB200644F7A /* Date+Extension.swift */; };
		88D6B6942C2D7C2A008A598B /* Display.swift in Sources */ = {isa = PBXBuildFile; fileRef = 88D6B6932C2D7C2A008A598B /* Display.swift */; };
		88D6B69A2C2D89F6008A598B /* APIRequest.swift in Sources */ = {isa = PBXBuildFile; fileRef = 88D6B6992C2D89F6008A598B /* APIRequest.swift */; };
		88FBDF632C1D844600AB0BC9 /* EmptyView.swift in Sources */ = {isa = PBXBuildFile; fileRef = 88FBDF622C1D844600AB0BC9 /* EmptyView.swift */; };
		88FBDF652C1D87DE00AB0BC9 /* SearchTableViewCell.swift in Sources */ = {isa = PBXBuildFile; fileRef = 88FBDF642C1D87DE00AB0BC9 /* SearchTableViewCell.swift */; };
		88FBDF672C1DA27800AB0BC9 /* ResultViewController.swift in Sources */ = {isa = PBXBuildFile; fileRef = 88FBDF662C1DA27800AB0BC9 /* ResultViewController.swift */; };
		88FBDF6B2C1DB59400AB0BC9 /* ResultCollectionViewCell.swift in Sources */ = {isa = PBXBuildFile; fileRef = 88FBDF6A2C1DB59400AB0BC9 /* ResultCollectionViewCell.swift */; };
		88FBDF6D2C1DBD6400AB0BC9 /* TagCollectionViewCell.swift in Sources */ = {isa = PBXBuildFile; fileRef = 88FBDF6C2C1DBD6400AB0BC9 /* TagCollectionViewCell.swift */; };
		88FBDF6F2C1DBDE700AB0BC9 /* PaddingLabel.swift in Sources */ = {isa = PBXBuildFile; fileRef = 88FBDF6E2C1DBDE700AB0BC9 /* PaddingLabel.swift */; };
		88FBDF712C1DD13000AB0BC9 /* APIKey.swift in Sources */ = {isa = PBXBuildFile; fileRef = 88FBDF702C1DD13000AB0BC9 /* APIKey.swift */; };
		88FBDF742C1DD68F00AB0BC9 /* Shop.swift in Sources */ = {isa = PBXBuildFile; fileRef = 88FBDF732C1DD68F00AB0BC9 /* Shop.swift */; };
		88FEFBA72C2703CB00EB2FAB /* Validation.swift in Sources */ = {isa = PBXBuildFile; fileRef = 88FEFBA62C2703CB00EB2FAB /* Validation.swift */; };
/* End PBXBuildFile section */

/* Begin PBXFileReference section */
		880448752C1B0E6C00DB7B26 /* Constant.swift */ = {isa = PBXFileReference; lastKnownFileType = sourcecode.swift; path = Constant.swift; sourceTree = "<group>"; };
		883A7DBF2C1B0A6C00A4665E /* MeaningOut.app */ = {isa = PBXFileReference; explicitFileType = wrapper.application; includeInIndex = 0; path = MeaningOut.app; sourceTree = BUILT_PRODUCTS_DIR; };
		883A7DC22C1B0A6C00A4665E /* AppDelegate.swift */ = {isa = PBXFileReference; lastKnownFileType = sourcecode.swift; path = AppDelegate.swift; sourceTree = "<group>"; };
		883A7DC42C1B0A6C00A4665E /* SceneDelegate.swift */ = {isa = PBXFileReference; lastKnownFileType = sourcecode.swift; path = SceneDelegate.swift; sourceTree = "<group>"; };
		883A7DCB2C1B0A6D00A4665E /* Assets.xcassets */ = {isa = PBXFileReference; lastKnownFileType = folder.assetcatalog; path = Assets.xcassets; sourceTree = "<group>"; };
		883A7DCE2C1B0A6D00A4665E /* Base */ = {isa = PBXFileReference; lastKnownFileType = file.storyboard; name = Base; path = Base.lproj/LaunchScreen.storyboard; sourceTree = "<group>"; };
		883A7DD02C1B0A6D00A4665E /* Info.plist */ = {isa = PBXFileReference; lastKnownFileType = text.plist.xml; path = Info.plist; sourceTree = "<group>"; };
		883A7DD62C1B0B5C00A4665E /* .gitignore */ = {isa = PBXFileReference; lastKnownFileType = text; path = .gitignore; sourceTree = "<group>"; };
		883E55882C255ED600A74170 /* APIManager.swift */ = {isa = PBXFileReference; lastKnownFileType = sourcecode.swift; path = APIManager.swift; sourceTree = "<group>"; };
		8849DF492C26A7CD00F2711B /* NetworkView.swift */ = {isa = PBXFileReference; lastKnownFileType = sourcecode.swift; path = NetworkView.swift; sourceTree = "<group>"; };
		8871F65E2C1C510300A7A36B /* ProfileCollectionViewCell.swift */ = {isa = PBXFileReference; lastKnownFileType = sourcecode.swift; path = ProfileCollectionViewCell.swift; sourceTree = "<group>"; };
		8871F6602C1C513E00A7A36B /* ReusableProtocol.swift */ = {isa = PBXFileReference; lastKnownFileType = sourcecode.swift; path = ReusableProtocol.swift; sourceTree = "<group>"; };
		8871F6622C1C63D800A7A36B /* RoundProfileView.swift */ = {isa = PBXFileReference; lastKnownFileType = sourcecode.swift; path = RoundProfileView.swift; sourceTree = "<group>"; };
		8871F6662C1C6DAA00A7A36B /* SearchViewController.swift */ = {isa = PBXFileReference; lastKnownFileType = sourcecode.swift; path = SearchViewController.swift; sourceTree = "<group>"; };
		8871F6682C1C6DD600A7A36B /* SettingViewController.swift */ = {isa = PBXFileReference; lastKnownFileType = sourcecode.swift; path = SettingViewController.swift; sourceTree = "<group>"; };
		8871F66E2C1C6F9400A7A36B /* UserDefaultsManager.swift */ = {isa = PBXFileReference; lastKnownFileType = sourcecode.swift; path = UserDefaultsManager.swift; sourceTree = "<group>"; };
		887B29972C1B133C009F3630 /* OnboardingViewController.swift */ = {isa = PBXFileReference; lastKnownFileType = sourcecode.swift; path = OnboardingViewController.swift; sourceTree = "<group>"; };
		887B299A2C1B1424009F3630 /* BaseProtocol.swift */ = {isa = PBXFileReference; lastKnownFileType = sourcecode.swift; path = BaseProtocol.swift; sourceTree = "<group>"; };
		887B299D2C1B14A9009F3630 /* UIViewController+Extension.swift */ = {isa = PBXFileReference; lastKnownFileType = sourcecode.swift; path = "UIViewController+Extension.swift"; sourceTree = "<group>"; };
		887B29A02C1B1592009F3630 /* RoundButton.swift */ = {isa = PBXFileReference; lastKnownFileType = sourcecode.swift; path = RoundButton.swift; sourceTree = "<group>"; };
		887B29A22C1B1AEE009F3630 /* NicknameViewController.swift */ = {isa = PBXFileReference; lastKnownFileType = sourcecode.swift; path = NicknameViewController.swift; sourceTree = "<group>"; };
		8891D23B2C1EB9E20007F60E /* DetailViewController.swift */ = {isa = PBXFileReference; lastKnownFileType = sourcecode.swift; path = DetailViewController.swift; sourceTree = "<group>"; };
		8891D23D2C1ECD9F0007F60E /* SettingTableViewCell.swift */ = {isa = PBXFileReference; lastKnownFileType = sourcecode.swift; path = SettingTableViewCell.swift; sourceTree = "<group>"; };
		8899152C2C1BEA460088C795 /* RoundImageView.swift */ = {isa = PBXFileReference; lastKnownFileType = sourcecode.swift; path = RoundImageView.swift; sourceTree = "<group>"; };
		8899152E2C1BEA5C0088C795 /* UnderLineTextField.swift */ = {isa = PBXFileReference; lastKnownFileType = sourcecode.swift; path = UnderLineTextField.swift; sourceTree = "<group>"; };
		88B875372C1C199C00F19CE6 /* String+Extension.swift */ = {isa = PBXFileReference; lastKnownFileType = sourcecode.swift; path = "String+Extension.swift"; sourceTree = "<group>"; };
		88B875392C1C2AFE00F19CE6 /* ProfileViewController.swift */ = {isa = PBXFileReference; lastKnownFileType = sourcecode.swift; path = ProfileViewController.swift; sourceTree = "<group>"; };
		88B8753B2C1C2B7100F19CE6 /* ShopTabBarController.swift */ = {isa = PBXFileReference; lastKnownFileType = sourcecode.swift; path = ShopTabBarController.swift; sourceTree = "<group>"; };
		88C445D92C26982D00F498C7 /* NetworkMonitor.swift */ = {isa = PBXFileReference; lastKnownFileType = sourcecode.swift; path = NetworkMonitor.swift; sourceTree = "<group>"; };
		88CE76912C2003C700644F7A /* Notification.swift */ = {isa = PBXFileReference; lastKnownFileType = sourcecode.swift; path = Notification.swift; sourceTree = "<group>"; };
		88CE76932C202CB200644F7A /* Date+Extension.swift */ = {isa = PBXFileReference; lastKnownFileType = sourcecode.swift; path = "Date+Extension.swift"; sourceTree = "<group>"; };
		88D6B6932C2D7C2A008A598B /* Display.swift */ = {isa = PBXFileReference; lastKnownFileType = sourcecode.swift; path = Display.swift; sourceTree = "<group>"; };
		88D6B6992C2D89F6008A598B /* APIRequest.swift */ = {isa = PBXFileReference; lastKnownFileType = sourcecode.swift; path = APIRequest.swift; sourceTree = "<group>"; };
		88FBDF622C1D844600AB0BC9 /* EmptyView.swift */ = {isa = PBXFileReference; lastKnownFileType = sourcecode.swift; path = EmptyView.swift; sourceTree = "<group>"; };
		88FBDF642C1D87DE00AB0BC9 /* SearchTableViewCell.swift */ = {isa = PBXFileReference; lastKnownFileType = sourcecode.swift; path = SearchTableViewCell.swift; sourceTree = "<group>"; };
		88FBDF662C1DA27800AB0BC9 /* ResultViewController.swift */ = {isa = PBXFileReference; lastKnownFileType = sourcecode.swift; path = ResultViewController.swift; sourceTree = "<group>"; };
		88FBDF6A2C1DB59400AB0BC9 /* ResultCollectionViewCell.swift */ = {isa = PBXFileReference; lastKnownFileType = sourcecode.swift; path = ResultCollectionViewCell.swift; sourceTree = "<group>"; };
		88FBDF6C2C1DBD6400AB0BC9 /* TagCollectionViewCell.swift */ = {isa = PBXFileReference; lastKnownFileType = sourcecode.swift; path = TagCollectionViewCell.swift; sourceTree = "<group>"; };
		88FBDF6E2C1DBDE700AB0BC9 /* PaddingLabel.swift */ = {isa = PBXFileReference; lastKnownFileType = sourcecode.swift; path = PaddingLabel.swift; sourceTree = "<group>"; };
		88FBDF702C1DD13000AB0BC9 /* APIKey.swift */ = {isa = PBXFileReference; lastKnownFileType = sourcecode.swift; path = APIKey.swift; sourceTree = "<group>"; };
		88FBDF732C1DD68F00AB0BC9 /* Shop.swift */ = {isa = PBXFileReference; lastKnownFileType = sourcecode.swift; path = Shop.swift; sourceTree = "<group>"; };
		88FEFBA62C2703CB00EB2FAB /* Validation.swift */ = {isa = PBXFileReference; lastKnownFileType = sourcecode.swift; path = Validation.swift; sourceTree = "<group>"; };
/* End PBXFileReference section */

/* Begin PBXFrameworksBuildPhase section */
		883A7DBC2C1B0A6C00A4665E /* Frameworks */ = {
			isa = PBXFrameworksBuildPhase;
			buildActionMask = 2147483647;
			files = (
				883A7DE32C1B0B9700A4665E /* Toast in Frameworks */,
				883A7DDA2C1B0B7700A4665E /* IQKeyboardManagerSwift in Frameworks */,
				883A7DDD2C1B0B8000A4665E /* SnapKit in Frameworks */,
				883A7DE62C1B0BA400A4665E /* Kingfisher in Frameworks */,
			);
			runOnlyForDeploymentPostprocessing = 0;
		};
/* End PBXFrameworksBuildPhase section */

/* Begin PBXGroup section */
		880448742C1B0E5800DB7B26 /* Constant */ = {
			isa = PBXGroup;
			children = (
				880448752C1B0E6C00DB7B26 /* Constant.swift */,
				88CE76912C2003C700644F7A /* Notification.swift */,
				88FEFBA62C2703CB00EB2FAB /* Validation.swift */,
				88D6B6932C2D7C2A008A598B /* Display.swift */,
			);
			path = Constant;
			sourceTree = "<group>";
		};
		883A7DB62C1B0A6C00A4665E = {
			isa = PBXGroup;
			children = (
				883A7DD62C1B0B5C00A4665E /* .gitignore */,
				883A7DC12C1B0A6C00A4665E /* MeaningOut */,
				883A7DC02C1B0A6C00A4665E /* Products */,
			);
			sourceTree = "<group>";
		};
		883A7DC02C1B0A6C00A4665E /* Products */ = {
			isa = PBXGroup;
			children = (
				883A7DBF2C1B0A6C00A4665E /* MeaningOut.app */,
			);
			name = Products;
			sourceTree = "<group>";
		};
		883A7DC12C1B0A6C00A4665E /* MeaningOut */ = {
			isa = PBXGroup;
			children = (
				883E55872C255EBB00A74170 /* API */,
				88FBDF722C1DD68700AB0BC9 /* Model */,
				8871F66D2C1C6F7200A7A36B /* Mananger */,
				8871F65D2C1C4B7E00A7A36B /* Cell */,
				887B299F2C1B1582009F3630 /* Custom */,
				887B299C2C1B149E009F3630 /* Extension */,
				887B29992C1B1407009F3630 /* Protocol */,
				887B29962C1B1323009F3630 /* ViewController */,
				880448742C1B0E5800DB7B26 /* Constant */,
				883A7DC22C1B0A6C00A4665E /* AppDelegate.swift */,
				883A7DC42C1B0A6C00A4665E /* SceneDelegate.swift */,
				883A7DCB2C1B0A6D00A4665E /* Assets.xcassets */,
				883A7DCD2C1B0A6D00A4665E /* LaunchScreen.storyboard */,
				883A7DD02C1B0A6D00A4665E /* Info.plist */,
				88FBDF702C1DD13000AB0BC9 /* APIKey.swift */,
			);
			path = MeaningOut;
			sourceTree = "<group>";
		};
		883E55872C255EBB00A74170 /* API */ = {
			isa = PBXGroup;
			children = (
				883E55882C255ED600A74170 /* APIManager.swift */,
				88D6B6992C2D89F6008A598B /* APIRequest.swift */,
			);
			path = API;
			sourceTree = "<group>";
		};
		8871F65D2C1C4B7E00A7A36B /* Cell */ = {
			isa = PBXGroup;
			children = (
				8871F65E2C1C510300A7A36B /* ProfileCollectionViewCell.swift */,
				88FBDF642C1D87DE00AB0BC9 /* SearchTableViewCell.swift */,
				88FBDF6A2C1DB59400AB0BC9 /* ResultCollectionViewCell.swift */,
				88FBDF6C2C1DBD6400AB0BC9 /* TagCollectionViewCell.swift */,
				8891D23D2C1ECD9F0007F60E /* SettingTableViewCell.swift */,
			);
			path = Cell;
			sourceTree = "<group>";
		};
		8871F66D2C1C6F7200A7A36B /* Mananger */ = {
			isa = PBXGroup;
			children = (
				88C445D92C26982D00F498C7 /* NetworkMonitor.swift */,
				8871F66E2C1C6F9400A7A36B /* UserDefaultsManager.swift */,
			);
			path = Mananger;
			sourceTree = "<group>";
		};
		887B29962C1B1323009F3630 /* ViewController */ = {
			isa = PBXGroup;
			children = (
				887B29972C1B133C009F3630 /* OnboardingViewController.swift */,
				887B29A22C1B1AEE009F3630 /* NicknameViewController.swift */,
				88B875392C1C2AFE00F19CE6 /* ProfileViewController.swift */,
				88B8753B2C1C2B7100F19CE6 /* ShopTabBarController.swift */,
				8871F6662C1C6DAA00A7A36B /* SearchViewController.swift */,
				8871F6682C1C6DD600A7A36B /* SettingViewController.swift */,
				88FBDF662C1DA27800AB0BC9 /* ResultViewController.swift */,
				8891D23B2C1EB9E20007F60E /* DetailViewController.swift */,
			);
			path = ViewController;
			sourceTree = "<group>";
		};
		887B29992C1B1407009F3630 /* Protocol */ = {
			isa = PBXGroup;
			children = (
				887B299A2C1B1424009F3630 /* BaseProtocol.swift */,
				8871F6602C1C513E00A7A36B /* ReusableProtocol.swift */,
			);
			path = Protocol;
			sourceTree = "<group>";
		};
		887B299C2C1B149E009F3630 /* Extension */ = {
			isa = PBXGroup;
			children = (
				887B299D2C1B14A9009F3630 /* UIViewController+Extension.swift */,
				88B875372C1C199C00F19CE6 /* String+Extension.swift */,
				88CE76932C202CB200644F7A /* Date+Extension.swift */,
			);
			path = Extension;
			sourceTree = "<group>";
		};
		887B299F2C1B1582009F3630 /* Custom */ = {
			isa = PBXGroup;
			children = (
				887B29A02C1B1592009F3630 /* RoundButton.swift */,
				8899152C2C1BEA460088C795 /* RoundImageView.swift */,
				8899152E2C1BEA5C0088C795 /* UnderLineTextField.swift */,
				8871F6622C1C63D800A7A36B /* RoundProfileView.swift */,
				88FBDF622C1D844600AB0BC9 /* EmptyView.swift */,
				88FBDF6E2C1DBDE700AB0BC9 /* PaddingLabel.swift */,
				8849DF492C26A7CD00F2711B /* NetworkView.swift */,
			);
			path = Custom;
			sourceTree = "<group>";
		};
		88FBDF722C1DD68700AB0BC9 /* Model */ = {
			isa = PBXGroup;
			children = (
				88FBDF732C1DD68F00AB0BC9 /* Shop.swift */,
			);
			path = Model;
			sourceTree = "<group>";
		};
/* End PBXGroup section */

/* Begin PBXNativeTarget section */
		883A7DBE2C1B0A6C00A4665E /* MeaningOut */ = {
			isa = PBXNativeTarget;
			buildConfigurationList = 883A7DD32C1B0A6D00A4665E /* Build configuration list for PBXNativeTarget "MeaningOut" */;
			buildPhases = (
				883A7DBB2C1B0A6C00A4665E /* Sources */,
				883A7DBC2C1B0A6C00A4665E /* Frameworks */,
				883A7DBD2C1B0A6C00A4665E /* Resources */,
			);
			buildRules = (
			);
			dependencies = (
			);
			name = MeaningOut;
			packageProductDependencies = (
				883A7DD92C1B0B7700A4665E /* IQKeyboardManagerSwift */,
				883A7DDC2C1B0B8000A4665E /* SnapKit */,
				883A7DE22C1B0B9700A4665E /* Toast */,
				883A7DE52C1B0BA400A4665E /* Kingfisher */,
			);
			productName = MeaningOut;
			productReference = 883A7DBF2C1B0A6C00A4665E /* MeaningOut.app */;
			productType = "com.apple.product-type.application";
		};
/* End PBXNativeTarget section */

/* Begin PBXProject section */
		883A7DB72C1B0A6C00A4665E /* Project object */ = {
			isa = PBXProject;
			attributes = {
				BuildIndependentTargetsInParallel = 1;
				LastSwiftUpdateCheck = 1540;
				LastUpgradeCheck = 1540;
				TargetAttributes = {
					883A7DBE2C1B0A6C00A4665E = {
						CreatedOnToolsVersion = 15.4;
					};
				};
			};
			buildConfigurationList = 883A7DBA2C1B0A6C00A4665E /* Build configuration list for PBXProject "MeaningOut" */;
			compatibilityVersion = "Xcode 14.0";
			developmentRegion = en;
			hasScannedForEncodings = 0;
			knownRegions = (
				en,
				Base,
			);
			mainGroup = 883A7DB62C1B0A6C00A4665E;
			packageReferences = (
				883A7DD82C1B0B7700A4665E /* XCRemoteSwiftPackageReference "IQKeyboardManager" */,
				883A7DDB2C1B0B8000A4665E /* XCRemoteSwiftPackageReference "SnapKit" */,
				883A7DE12C1B0B9700A4665E /* XCRemoteSwiftPackageReference "Toast-Swift" */,
				883A7DE42C1B0BA400A4665E /* XCRemoteSwiftPackageReference "Kingfisher" */,
			);
			productRefGroup = 883A7DC02C1B0A6C00A4665E /* Products */;
			projectDirPath = "";
			projectRoot = "";
			targets = (
				883A7DBE2C1B0A6C00A4665E /* MeaningOut */,
			);
		};
/* End PBXProject section */

/* Begin PBXResourcesBuildPhase section */
		883A7DBD2C1B0A6C00A4665E /* Resources */ = {
			isa = PBXResourcesBuildPhase;
			buildActionMask = 2147483647;
			files = (
				883A7DD72C1B0B5C00A4665E /* .gitignore in Resources */,
				883A7DCC2C1B0A6D00A4665E /* Assets.xcassets in Resources */,
				883A7DCF2C1B0A6D00A4665E /* Base in Resources */,
			);
			runOnlyForDeploymentPostprocessing = 0;
		};
/* End PBXResourcesBuildPhase section */

/* Begin PBXSourcesBuildPhase section */
		883A7DBB2C1B0A6C00A4665E /* Sources */ = {
			isa = PBXSourcesBuildPhase;
			buildActionMask = 2147483647;
			files = (
				887B29A12C1B1592009F3630 /* RoundButton.swift in Sources */,
				887B299B2C1B1424009F3630 /* BaseProtocol.swift in Sources */,
				88D6B69A2C2D89F6008A598B /* APIRequest.swift in Sources */,
				8899152D2C1BEA460088C795 /* RoundImageView.swift in Sources */,
				8871F6672C1C6DAA00A7A36B /* SearchViewController.swift in Sources */,
				88FEFBA72C2703CB00EB2FAB /* Validation.swift in Sources */,
				8871F65F2C1C510300A7A36B /* ProfileCollectionViewCell.swift in Sources */,
				8871F6632C1C63D800A7A36B /* RoundProfileView.swift in Sources */,
				88B875382C1C199C00F19CE6 /* String+Extension.swift in Sources */,
				88FBDF6B2C1DB59400AB0BC9 /* ResultCollectionViewCell.swift in Sources */,
				8871F6612C1C513E00A7A36B /* ReusableProtocol.swift in Sources */,
				88C445DA2C26982D00F498C7 /* NetworkMonitor.swift in Sources */,
				88FBDF672C1DA27800AB0BC9 /* ResultViewController.swift in Sources */,
				883A7DC32C1B0A6C00A4665E /* AppDelegate.swift in Sources */,
				887B29982C1B133C009F3630 /* OnboardingViewController.swift in Sources */,
				887B299E2C1B14A9009F3630 /* UIViewController+Extension.swift in Sources */,
				883A7DC52C1B0A6C00A4665E /* SceneDelegate.swift in Sources */,
				883E55892C255ED600A74170 /* APIManager.swift in Sources */,
				887B29A32C1B1AEE009F3630 /* NicknameViewController.swift in Sources */,
				88FBDF6D2C1DBD6400AB0BC9 /* TagCollectionViewCell.swift in Sources */,
				88B8753A2C1C2AFE00F19CE6 /* ProfileViewController.swift in Sources */,
				88FBDF652C1D87DE00AB0BC9 /* SearchTableViewCell.swift in Sources */,
				88B8753C2C1C2B7100F19CE6 /* ShopTabBarController.swift in Sources */,
				88D6B6942C2D7C2A008A598B /* Display.swift in Sources */,
				88CE76922C2003C700644F7A /* Notification.swift in Sources */,
				8849DF4A2C26A7CD00F2711B /* NetworkView.swift in Sources */,
				88CE76942C202CB200644F7A /* Date+Extension.swift in Sources */,
				8871F66F2C1C6F9400A7A36B /* UserDefaultsManager.swift in Sources */,
				88FBDF712C1DD13000AB0BC9 /* APIKey.swift in Sources */,
				8871F6692C1C6DD600A7A36B /* SettingViewController.swift in Sources */,
				88FBDF742C1DD68F00AB0BC9 /* Shop.swift in Sources */,
				8891D23E2C1ECD9F0007F60E /* SettingTableViewCell.swift in Sources */,
				8899152F2C1BEA5C0088C795 /* UnderLineTextField.swift in Sources */,
				88FBDF6F2C1DBDE700AB0BC9 /* PaddingLabel.swift in Sources */,
				8891D23C2C1EB9E20007F60E /* DetailViewController.swift in Sources */,
				88FBDF632C1D844600AB0BC9 /* EmptyView.swift in Sources */,
				880448762C1B0E6C00DB7B26 /* Constant.swift in Sources */,
			);
			runOnlyForDeploymentPostprocessing = 0;
		};
/* End PBXSourcesBuildPhase section */

/* Begin PBXVariantGroup section */
		883A7DCD2C1B0A6D00A4665E /* LaunchScreen.storyboard */ = {
			isa = PBXVariantGroup;
			children = (
				883A7DCE2C1B0A6D00A4665E /* Base */,
			);
			name = LaunchScreen.storyboard;
			sourceTree = "<group>";
		};
/* End PBXVariantGroup section */

/* Begin XCBuildConfiguration section */
		883A7DD12C1B0A6D00A4665E /* Debug */ = {
			isa = XCBuildConfiguration;
			buildSettings = {
				ALWAYS_SEARCH_USER_PATHS = NO;
				ASSETCATALOG_COMPILER_GENERATE_SWIFT_ASSET_SYMBOL_EXTENSIONS = YES;
				CLANG_ANALYZER_NONNULL = YES;
				CLANG_ANALYZER_NUMBER_OBJECT_CONVERSION = YES_AGGRESSIVE;
				CLANG_CXX_LANGUAGE_STANDARD = "gnu++20";
				CLANG_ENABLE_MODULES = YES;
				CLANG_ENABLE_OBJC_ARC = YES;
				CLANG_ENABLE_OBJC_WEAK = YES;
				CLANG_WARN_BLOCK_CAPTURE_AUTORELEASING = YES;
				CLANG_WARN_BOOL_CONVERSION = YES;
				CLANG_WARN_COMMA = YES;
				CLANG_WARN_CONSTANT_CONVERSION = YES;
				CLANG_WARN_DEPRECATED_OBJC_IMPLEMENTATIONS = YES;
				CLANG_WARN_DIRECT_OBJC_ISA_USAGE = YES_ERROR;
				CLANG_WARN_DOCUMENTATION_COMMENTS = YES;
				CLANG_WARN_EMPTY_BODY = YES;
				CLANG_WARN_ENUM_CONVERSION = YES;
				CLANG_WARN_INFINITE_RECURSION = YES;
				CLANG_WARN_INT_CONVERSION = YES;
				CLANG_WARN_NON_LITERAL_NULL_CONVERSION = YES;
				CLANG_WARN_OBJC_IMPLICIT_RETAIN_SELF = YES;
				CLANG_WARN_OBJC_LITERAL_CONVERSION = YES;
				CLANG_WARN_OBJC_ROOT_CLASS = YES_ERROR;
				CLANG_WARN_QUOTED_INCLUDE_IN_FRAMEWORK_HEADER = YES;
				CLANG_WARN_RANGE_LOOP_ANALYSIS = YES;
				CLANG_WARN_STRICT_PROTOTYPES = YES;
				CLANG_WARN_SUSPICIOUS_MOVE = YES;
				CLANG_WARN_UNGUARDED_AVAILABILITY = YES_AGGRESSIVE;
				CLANG_WARN_UNREACHABLE_CODE = YES;
				CLANG_WARN__DUPLICATE_METHOD_MATCH = YES;
				COPY_PHASE_STRIP = NO;
				DEBUG_INFORMATION_FORMAT = dwarf;
				ENABLE_STRICT_OBJC_MSGSEND = YES;
				ENABLE_TESTABILITY = YES;
				ENABLE_USER_SCRIPT_SANDBOXING = YES;
				GCC_C_LANGUAGE_STANDARD = gnu17;
				GCC_DYNAMIC_NO_PIC = NO;
				GCC_NO_COMMON_BLOCKS = YES;
				GCC_OPTIMIZATION_LEVEL = 0;
				GCC_PREPROCESSOR_DEFINITIONS = (
					"DEBUG=1",
					"$(inherited)",
				);
				GCC_WARN_64_TO_32_BIT_CONVERSION = YES;
				GCC_WARN_ABOUT_RETURN_TYPE = YES_ERROR;
				GCC_WARN_UNDECLARED_SELECTOR = YES;
				GCC_WARN_UNINITIALIZED_AUTOS = YES_AGGRESSIVE;
				GCC_WARN_UNUSED_FUNCTION = YES;
				GCC_WARN_UNUSED_VARIABLE = YES;
				IPHONEOS_DEPLOYMENT_TARGET = 17.5;
				LOCALIZATION_PREFERS_STRING_CATALOGS = YES;
				MTL_ENABLE_DEBUG_INFO = INCLUDE_SOURCE;
				MTL_FAST_MATH = YES;
				ONLY_ACTIVE_ARCH = YES;
				SDKROOT = iphoneos;
				SWIFT_ACTIVE_COMPILATION_CONDITIONS = "DEBUG $(inherited)";
				SWIFT_OPTIMIZATION_LEVEL = "-Onone";
			};
			name = Debug;
		};
		883A7DD22C1B0A6D00A4665E /* Release */ = {
			isa = XCBuildConfiguration;
			buildSettings = {
				ALWAYS_SEARCH_USER_PATHS = NO;
				ASSETCATALOG_COMPILER_GENERATE_SWIFT_ASSET_SYMBOL_EXTENSIONS = YES;
				CLANG_ANALYZER_NONNULL = YES;
				CLANG_ANALYZER_NUMBER_OBJECT_CONVERSION = YES_AGGRESSIVE;
				CLANG_CXX_LANGUAGE_STANDARD = "gnu++20";
				CLANG_ENABLE_MODULES = YES;
				CLANG_ENABLE_OBJC_ARC = YES;
				CLANG_ENABLE_OBJC_WEAK = YES;
				CLANG_WARN_BLOCK_CAPTURE_AUTORELEASING = YES;
				CLANG_WARN_BOOL_CONVERSION = YES;
				CLANG_WARN_COMMA = YES;
				CLANG_WARN_CONSTANT_CONVERSION = YES;
				CLANG_WARN_DEPRECATED_OBJC_IMPLEMENTATIONS = YES;
				CLANG_WARN_DIRECT_OBJC_ISA_USAGE = YES_ERROR;
				CLANG_WARN_DOCUMENTATION_COMMENTS = YES;
				CLANG_WARN_EMPTY_BODY = YES;
				CLANG_WARN_ENUM_CONVERSION = YES;
				CLANG_WARN_INFINITE_RECURSION = YES;
				CLANG_WARN_INT_CONVERSION = YES;
				CLANG_WARN_NON_LITERAL_NULL_CONVERSION = YES;
				CLANG_WARN_OBJC_IMPLICIT_RETAIN_SELF = YES;
				CLANG_WARN_OBJC_LITERAL_CONVERSION = YES;
				CLANG_WARN_OBJC_ROOT_CLASS = YES_ERROR;
				CLANG_WARN_QUOTED_INCLUDE_IN_FRAMEWORK_HEADER = YES;
				CLANG_WARN_RANGE_LOOP_ANALYSIS = YES;
				CLANG_WARN_STRICT_PROTOTYPES = YES;
				CLANG_WARN_SUSPICIOUS_MOVE = YES;
				CLANG_WARN_UNGUARDED_AVAILABILITY = YES_AGGRESSIVE;
				CLANG_WARN_UNREACHABLE_CODE = YES;
				CLANG_WARN__DUPLICATE_METHOD_MATCH = YES;
				COPY_PHASE_STRIP = NO;
				DEBUG_INFORMATION_FORMAT = "dwarf-with-dsym";
				ENABLE_NS_ASSERTIONS = NO;
				ENABLE_STRICT_OBJC_MSGSEND = YES;
				ENABLE_USER_SCRIPT_SANDBOXING = YES;
				GCC_C_LANGUAGE_STANDARD = gnu17;
				GCC_NO_COMMON_BLOCKS = YES;
				GCC_WARN_64_TO_32_BIT_CONVERSION = YES;
				GCC_WARN_ABOUT_RETURN_TYPE = YES_ERROR;
				GCC_WARN_UNDECLARED_SELECTOR = YES;
				GCC_WARN_UNINITIALIZED_AUTOS = YES_AGGRESSIVE;
				GCC_WARN_UNUSED_FUNCTION = YES;
				GCC_WARN_UNUSED_VARIABLE = YES;
				IPHONEOS_DEPLOYMENT_TARGET = 17.5;
				LOCALIZATION_PREFERS_STRING_CATALOGS = YES;
				MTL_ENABLE_DEBUG_INFO = NO;
				MTL_FAST_MATH = YES;
				SDKROOT = iphoneos;
				SWIFT_COMPILATION_MODE = wholemodule;
				VALIDATE_PRODUCT = YES;
			};
			name = Release;
		};
		883A7DD42C1B0A6D00A4665E /* Debug */ = {
			isa = XCBuildConfiguration;
			buildSettings = {
				ASSETCATALOG_COMPILER_APPICON_NAME = AppIcon;
				ASSETCATALOG_COMPILER_GLOBAL_ACCENT_COLOR_NAME = AccentColor;
				CODE_SIGN_STYLE = Automatic;
				CURRENT_PROJECT_VERSION = 1;
				DEVELOPMENT_TEAM = 6ZWU3ZJ8BG;
				GENERATE_INFOPLIST_FILE = YES;
				INFOPLIST_FILE = MeaningOut/Info.plist;
				INFOPLIST_KEY_CFBundleDisplayName = "홍정민";
				INFOPLIST_KEY_UIApplicationSupportsIndirectInputEvents = YES;
				INFOPLIST_KEY_UILaunchStoryboardName = LaunchScreen;
				INFOPLIST_KEY_UISupportedInterfaceOrientations = UIInterfaceOrientationPortrait;
				INFOPLIST_KEY_UISupportedInterfaceOrientations_iPad = UIInterfaceOrientationPortrait;
				IPHONEOS_DEPLOYMENT_TARGET = 15.0;
				LD_RUNPATH_SEARCH_PATHS = (
					"$(inherited)",
					"@executable_path/Frameworks",
				);
				MARKETING_VERSION = 1.0;
				PRODUCT_BUNDLE_IDENTIFIER = com.jm.MeaningOut;
				PRODUCT_NAME = "$(TARGET_NAME)";
				SUPPORTED_PLATFORMS = "iphoneos iphonesimulator";
				SUPPORTS_MACCATALYST = NO;
				SUPPORTS_MAC_DESIGNED_FOR_IPHONE_IPAD = NO;
				SUPPORTS_XR_DESIGNED_FOR_IPHONE_IPAD = NO;
				SWIFT_EMIT_LOC_STRINGS = YES;
				SWIFT_VERSION = 5.0;
				TARGETED_DEVICE_FAMILY = 1;
			};
			name = Debug;
		};
		883A7DD52C1B0A6D00A4665E /* Release */ = {
			isa = XCBuildConfiguration;
			buildSettings = {
				ASSETCATALOG_COMPILER_APPICON_NAME = AppIcon;
				ASSETCATALOG_COMPILER_GLOBAL_ACCENT_COLOR_NAME = AccentColor;
				CODE_SIGN_STYLE = Automatic;
				CURRENT_PROJECT_VERSION = 1;
				DEVELOPMENT_TEAM = 6ZWU3ZJ8BG;
				GENERATE_INFOPLIST_FILE = YES;
				INFOPLIST_FILE = MeaningOut/Info.plist;
				INFOPLIST_KEY_CFBundleDisplayName = "홍정민";
				INFOPLIST_KEY_UIApplicationSupportsIndirectInputEvents = YES;
				INFOPLIST_KEY_UILaunchStoryboardName = LaunchScreen;
				INFOPLIST_KEY_UISupportedInterfaceOrientations = UIInterfaceOrientationPortrait;
				INFOPLIST_KEY_UISupportedInterfaceOrientations_iPad = UIInterfaceOrientationPortrait;
				IPHONEOS_DEPLOYMENT_TARGET = 15.0;
				LD_RUNPATH_SEARCH_PATHS = (
					"$(inherited)",
					"@executable_path/Frameworks",
				);
				MARKETING_VERSION = 1.0;
				PRODUCT_BUNDLE_IDENTIFIER = com.jm.MeaningOut;
				PRODUCT_NAME = "$(TARGET_NAME)";
				SUPPORTED_PLATFORMS = "iphoneos iphonesimulator";
				SUPPORTS_MACCATALYST = NO;
				SUPPORTS_MAC_DESIGNED_FOR_IPHONE_IPAD = NO;
				SUPPORTS_XR_DESIGNED_FOR_IPHONE_IPAD = NO;
				SWIFT_EMIT_LOC_STRINGS = YES;
				SWIFT_VERSION = 5.0;
				TARGETED_DEVICE_FAMILY = 1;
			};
			name = Release;
		};
/* End XCBuildConfiguration section */

/* Begin XCConfigurationList section */
		883A7DBA2C1B0A6C00A4665E /* Build configuration list for PBXProject "MeaningOut" */ = {
			isa = XCConfigurationList;
			buildConfigurations = (
				883A7DD12C1B0A6D00A4665E /* Debug */,
				883A7DD22C1B0A6D00A4665E /* Release */,
			);
			defaultConfigurationIsVisible = 0;
			defaultConfigurationName = Release;
		};
		883A7DD32C1B0A6D00A4665E /* Build configuration list for PBXNativeTarget "MeaningOut" */ = {
			isa = XCConfigurationList;
			buildConfigurations = (
				883A7DD42C1B0A6D00A4665E /* Debug */,
				883A7DD52C1B0A6D00A4665E /* Release */,
			);
			defaultConfigurationIsVisible = 0;
			defaultConfigurationName = Release;
		};
/* End XCConfigurationList section */

/* Begin XCRemoteSwiftPackageReference section */
		883A7DD82C1B0B7700A4665E /* XCRemoteSwiftPackageReference "IQKeyboardManager" */ = {
			isa = XCRemoteSwiftPackageReference;
			repositoryURL = "https://github.com/hackiftekhar/IQKeyboardManager.git";
			requirement = {
				kind = upToNextMajorVersion;
				minimumVersion = 7.0.3;
			};
		};
		883A7DDB2C1B0B8000A4665E /* XCRemoteSwiftPackageReference "SnapKit" */ = {
			isa = XCRemoteSwiftPackageReference;
			repositoryURL = "https://github.com/SnapKit/SnapKit.git";
			requirement = {
				kind = upToNextMajorVersion;
				minimumVersion = 5.7.1;
			};
		};
		883A7DE12C1B0B9700A4665E /* XCRemoteSwiftPackageReference "Toast-Swift" */ = {
			isa = XCRemoteSwiftPackageReference;
			repositoryURL = "https://github.com/scalessec/Toast-Swift.git";
			requirement = {
				kind = upToNextMajorVersion;
				minimumVersion = 5.1.1;
			};
		};
		883A7DE42C1B0BA400A4665E /* XCRemoteSwiftPackageReference "Kingfisher" */ = {
			isa = XCRemoteSwiftPackageReference;
			repositoryURL = "https://github.com/onevcat/Kingfisher";
			requirement = {
				kind = upToNextMajorVersion;
				minimumVersion = 7.12.0;
			};
		};
/* End XCRemoteSwiftPackageReference section */

/* Begin XCSwiftPackageProductDependency section */
		883A7DD92C1B0B7700A4665E /* IQKeyboardManagerSwift */ = {
			isa = XCSwiftPackageProductDependency;
			package = 883A7DD82C1B0B7700A4665E /* XCRemoteSwiftPackageReference "IQKeyboardManager" */;
			productName = IQKeyboardManagerSwift;
		};
		883A7DDC2C1B0B8000A4665E /* SnapKit */ = {
			isa = XCSwiftPackageProductDependency;
			package = 883A7DDB2C1B0B8000A4665E /* XCRemoteSwiftPackageReference "SnapKit" */;
			productName = SnapKit;
		};
		883A7DE22C1B0B9700A4665E /* Toast */ = {
			isa = XCSwiftPackageProductDependency;
			package = 883A7DE12C1B0B9700A4665E /* XCRemoteSwiftPackageReference "Toast-Swift" */;
			productName = Toast;
		};
		883A7DE52C1B0BA400A4665E /* Kingfisher */ = {
			isa = XCSwiftPackageProductDependency;
			package = 883A7DE42C1B0BA400A4665E /* XCRemoteSwiftPackageReference "Kingfisher" */;
			productName = Kingfisher;
		};
/* End XCSwiftPackageProductDependency section */
	};
	rootObject = 883A7DB72C1B0A6C00A4665E /* Project object */;
}
