// !$*UTF8*$!
{
	archiveVersion = 1;
	classes = {
	};
	objectVersion = 56;
	objects = {

/* Begin PBXBuildFile section */
		880448762C1B0E6C00DB7B26 /* Constant.swift in Sources */ = {isa = PBXBuildFile; fileRef = 880448752C1B0E6C00DB7B26 /* Constant.swift */; };
		883A7DC32C1B0A6C00A4665E /* AppDelegate.swift in Sources */ = {isa = PBXBuildFile; fileRef = 883A7DC22C1B0A6C00A4665E /* AppDelegate.swift */; };
		883A7DC52C1B0A6C00A4665E /* SceneDelegate.swift in Sources */ = {isa = PBXBuildFile; fileRef = 883A7DC42C1B0A6C00A4665E /* SceneDelegate.swift */; };
		883A7DC72C1B0A6C00A4665E /* ViewController.swift in Sources */ = {isa = PBXBuildFile; fileRef = 883A7DC62C1B0A6C00A4665E /* ViewController.swift */; };
		883A7DCA2C1B0A6C00A4665E /* Base in Resources */ = {isa = PBXBuildFile; fileRef = 883A7DC92C1B0A6C00A4665E /* Base */; };
		883A7DCC2C1B0A6D00A4665E /* Assets.xcassets in Resources */ = {isa = PBXBuildFile; fileRef = 883A7DCB2C1B0A6D00A4665E /* Assets.xcassets */; };
		883A7DCF2C1B0A6D00A4665E /* Base in Resources */ = {isa = PBXBuildFile; fileRef = 883A7DCE2C1B0A6D00A4665E /* Base */; };
		883A7DD72C1B0B5C00A4665E /* .gitignore in Resources */ = {isa = PBXBuildFile; fileRef = 883A7DD62C1B0B5C00A4665E /* .gitignore */; };
		883A7DDA2C1B0B7700A4665E /* IQKeyboardManagerSwift in Frameworks */ = {isa = PBXBuildFile; productRef = 883A7DD92C1B0B7700A4665E /* IQKeyboardManagerSwift */; };
		883A7DDD2C1B0B8000A4665E /* SnapKit in Frameworks */ = {isa = PBXBuildFile; productRef = 883A7DDC2C1B0B8000A4665E /* SnapKit */; };
		883A7DE02C1B0B8A00A4665E /* Alamofire in Frameworks */ = {isa = PBXBuildFile; productRef = 883A7DDF2C1B0B8A00A4665E /* Alamofire */; };
		883A7DE32C1B0B9700A4665E /* Toast in Frameworks */ = {isa = PBXBuildFile; productRef = 883A7DE22C1B0B9700A4665E /* Toast */; };
		883A7DE62C1B0BA400A4665E /* Kingfisher in Frameworks */ = {isa = PBXBuildFile; productRef = 883A7DE52C1B0BA400A4665E /* Kingfisher */; };
		887B29982C1B133C009F3630 /* OnboardingViewController.swift in Sources */ = {isa = PBXBuildFile; fileRef = 887B29972C1B133C009F3630 /* OnboardingViewController.swift */; };
		887B299B2C1B1424009F3630 /* BaseProtocol.swift in Sources */ = {isa = PBXBuildFile; fileRef = 887B299A2C1B1424009F3630 /* BaseProtocol.swift */; };
		887B299E2C1B14A9009F3630 /* UIViewController+Extension.swift in Sources */ = {isa = PBXBuildFile; fileRef = 887B299D2C1B14A9009F3630 /* UIViewController+Extension.swift */; };
		887B29A12C1B1592009F3630 /* RoundButton.swift in Sources */ = {isa = PBXBuildFile; fileRef = 887B29A02C1B1592009F3630 /* RoundButton.swift */; };
/* End PBXBuildFile section */

/* Begin PBXFileReference section */
		880448752C1B0E6C00DB7B26 /* Constant.swift */ = {isa = PBXFileReference; lastKnownFileType = sourcecode.swift; path = Constant.swift; sourceTree = "<group>"; };
		883A7DBF2C1B0A6C00A4665E /* MeaningOut.app */ = {isa = PBXFileReference; explicitFileType = wrapper.application; includeInIndex = 0; path = MeaningOut.app; sourceTree = BUILT_PRODUCTS_DIR; };
		883A7DC22C1B0A6C00A4665E /* AppDelegate.swift */ = {isa = PBXFileReference; lastKnownFileType = sourcecode.swift; path = AppDelegate.swift; sourceTree = "<group>"; };
		883A7DC42C1B0A6C00A4665E /* SceneDelegate.swift */ = {isa = PBXFileReference; lastKnownFileType = sourcecode.swift; path = SceneDelegate.swift; sourceTree = "<group>"; };
		883A7DC62C1B0A6C00A4665E /* ViewController.swift */ = {isa = PBXFileReference; lastKnownFileType = sourcecode.swift; path = ViewController.swift; sourceTree = "<group>"; };
		883A7DC92C1B0A6C00A4665E /* Base */ = {isa = PBXFileReference; lastKnownFileType = file.storyboard; name = Base; path = Base.lproj/Main.storyboard; sourceTree = "<group>"; };
		883A7DCB2C1B0A6D00A4665E /* Assets.xcassets */ = {isa = PBXFileReference; lastKnownFileType = folder.assetcatalog; path = Assets.xcassets; sourceTree = "<group>"; };
		883A7DCE2C1B0A6D00A4665E /* Base */ = {isa = PBXFileReference; lastKnownFileType = file.storyboard; name = Base; path = Base.lproj/LaunchScreen.storyboard; sourceTree = "<group>"; };
		883A7DD02C1B0A6D00A4665E /* Info.plist */ = {isa = PBXFileReference; lastKnownFileType = text.plist.xml; path = Info.plist; sourceTree = "<group>"; };
		883A7DD62C1B0B5C00A4665E /* .gitignore */ = {isa = PBXFileReference; lastKnownFileType = text; path = .gitignore; sourceTree = "<group>"; };
		887B29972C1B133C009F3630 /* OnboardingViewController.swift */ = {isa = PBXFileReference; lastKnownFileType = sourcecode.swift; path = OnboardingViewController.swift; sourceTree = "<group>"; };
		887B299A2C1B1424009F3630 /* BaseProtocol.swift */ = {isa = PBXFileReference; lastKnownFileType = sourcecode.swift; path = BaseProtocol.swift; sourceTree = "<group>"; };
		887B299D2C1B14A9009F3630 /* UIViewController+Extension.swift */ = {isa = PBXFileReference; lastKnownFileType = sourcecode.swift; path = "UIViewController+Extension.swift"; sourceTree = "<group>"; };
		887B29A02C1B1592009F3630 /* RoundButton.swift */ = {isa = PBXFileReference; lastKnownFileType = sourcecode.swift; path = RoundButton.swift; sourceTree = "<group>"; };
/* End PBXFileReference section */

/* Begin PBXFrameworksBuildPhase section */
		883A7DBC2C1B0A6C00A4665E /* Frameworks */ = {
			isa = PBXFrameworksBuildPhase;
			buildActionMask = 2147483647;
			files = (
				883A7DE32C1B0B9700A4665E /* Toast in Frameworks */,
				883A7DE02C1B0B8A00A4665E /* Alamofire in Frameworks */,
				883A7DDA2C1B0B7700A4665E /* IQKeyboardManagerSwift in Frameworks */,
				883A7DDD2C1B0B8000A4665E /* SnapKit in Frameworks */,
				883A7DE62C1B0BA400A4665E /* Kingfisher in Frameworks */,
			);
			runOnlyForDeploymentPostprocessing = 0;
		};
/* End PBXFrameworksBuildPhase section */

/* Begin PBXGroup section */
		880448742C1B0E5800DB7B26 /* Enum */ = {
			isa = PBXGroup;
			children = (
				880448752C1B0E6C00DB7B26 /* Constant.swift */,
			);
			path = Enum;
			sourceTree = "<group>";
		};
		883A7DB62C1B0A6C00A4665E = {
			isa = PBXGroup;
			children = (
				883A7DD62C1B0B5C00A4665E /* .gitignore */,
				883A7DC12C1B0A6C00A4665E /* MeaningOut */,
				883A7DC02C1B0A6C00A4665E /* Products */,
			);
			sourceTree = "<group>";
		};
		883A7DC02C1B0A6C00A4665E /* Products */ = {
			isa = PBXGroup;
			children = (
				883A7DBF2C1B0A6C00A4665E /* MeaningOut.app */,
			);
			name = Products;
			sourceTree = "<group>";
		};
		883A7DC12C1B0A6C00A4665E /* MeaningOut */ = {
			isa = PBXGroup;
			children = (
				887B299F2C1B1582009F3630 /* Custom */,
				887B299C2C1B149E009F3630 /* Extension */,
				887B29992C1B1407009F3630 /* Protocol */,
				887B29962C1B1323009F3630 /* ViewController */,
				880448742C1B0E5800DB7B26 /* Enum */,
				883A7DC22C1B0A6C00A4665E /* AppDelegate.swift */,
				883A7DC42C1B0A6C00A4665E /* SceneDelegate.swift */,
				883A7DC62C1B0A6C00A4665E /* ViewController.swift */,
				883A7DC82C1B0A6C00A4665E /* Main.storyboard */,
				883A7DCB2C1B0A6D00A4665E /* Assets.xcassets */,
				883A7DCD2C1B0A6D00A4665E /* LaunchScreen.storyboard */,
				883A7DD02C1B0A6D00A4665E /* Info.plist */,
			);
			path = MeaningOut;
			sourceTree = "<group>";
		};
		887B29962C1B1323009F3630 /* ViewController */ = {
			isa = PBXGroup;
			children = (
				887B29972C1B133C009F3630 /* OnboardingViewController.swift */,
			);
			path = ViewController;
			sourceTree = "<group>";
		};
		887B29992C1B1407009F3630 /* Protocol */ = {
			isa = PBXGroup;
			children = (
				887B299A2C1B1424009F3630 /* BaseProtocol.swift */,
			);
			path = Protocol;
			sourceTree = "<group>";
		};
		887B299C2C1B149E009F3630 /* Extension */ = {
			isa = PBXGroup;
			children = (
				887B299D2C1B14A9009F3630 /* UIViewController+Extension.swift */,
			);
			path = Extension;
			sourceTree = "<group>";
		};
		887B299F2C1B1582009F3630 /* Custom */ = {
			isa = PBXGroup;
			children = (
				887B29A02C1B1592009F3630 /* RoundButton.swift */,
			);
			path = Custom;
			sourceTree = "<group>";
		};
/* End PBXGroup section */

/* Begin PBXNativeTarget section */
		883A7DBE2C1B0A6C00A4665E /* MeaningOut */ = {
			isa = PBXNativeTarget;
			buildConfigurationList = 883A7DD32C1B0A6D00A4665E /* Build configuration list for PBXNativeTarget "MeaningOut" */;
			buildPhases = (
				883A7DBB2C1B0A6C00A4665E /* Sources */,
				883A7DBC2C1B0A6C00A4665E /* Frameworks */,
				883A7DBD2C1B0A6C00A4665E /* Resources */,
			);
			buildRules = (
			);
			dependencies = (
			);
			name = MeaningOut;
			packageProductDependencies = (
				883A7DD92C1B0B7700A4665E /* IQKeyboardManagerSwift */,
				883A7DDC2C1B0B8000A4665E /* SnapKit */,
				883A7DDF2C1B0B8A00A4665E /* Alamofire */,
				883A7DE22C1B0B9700A4665E /* Toast */,
				883A7DE52C1B0BA400A4665E /* Kingfisher */,
			);
			productName = MeaningOut;
			productReference = 883A7DBF2C1B0A6C00A4665E /* MeaningOut.app */;
			productType = "com.apple.product-type.application";
		};
/* End PBXNativeTarget section */

/* Begin PBXProject section */
		883A7DB72C1B0A6C00A4665E /* Project object */ = {
			isa = PBXProject;
			attributes = {
				BuildIndependentTargetsInParallel = 1;
				LastSwiftUpdateCheck = 1540;
				LastUpgradeCheck = 1540;
				TargetAttributes = {
					883A7DBE2C1B0A6C00A4665E = {
						CreatedOnToolsVersion = 15.4;
					};
				};
			};
			buildConfigurationList = 883A7DBA2C1B0A6C00A4665E /* Build configuration list for PBXProject "MeaningOut" */;
			compatibilityVersion = "Xcode 14.0";
			developmentRegion = en;
			hasScannedForEncodings = 0;
			knownRegions = (
				en,
				Base,
			);
			mainGroup = 883A7DB62C1B0A6C00A4665E;
			packageReferences = (
				883A7DD82C1B0B7700A4665E /* XCRemoteSwiftPackageReference "IQKeyboardManager" */,
				883A7DDB2C1B0B8000A4665E /* XCRemoteSwiftPackageReference "SnapKit" */,
				883A7DDE2C1B0B8A00A4665E /* XCRemoteSwiftPackageReference "Alamofire" */,
				883A7DE12C1B0B9700A4665E /* XCRemoteSwiftPackageReference "Toast-Swift" */,
				883A7DE42C1B0BA400A4665E /* XCRemoteSwiftPackageReference "Kingfisher" */,
			);
			productRefGroup = 883A7DC02C1B0A6C00A4665E /* Products */;
			projectDirPath = "";
			projectRoot = "";
			targets = (
				883A7DBE2C1B0A6C00A4665E /* MeaningOut */,
			);
		};
/* End PBXProject section */

/* Begin PBXResourcesBuildPhase section */
		883A7DBD2C1B0A6C00A4665E /* Resources */ = {
			isa = PBXResourcesBuildPhase;
			buildActionMask = 2147483647;
			files = (
				883A7DD72C1B0B5C00A4665E /* .gitignore in Resources */,
				883A7DCC2C1B0A6D00A4665E /* Assets.xcassets in Resources */,
				883A7DCF2C1B0A6D00A4665E /* Base in Resources */,
				883A7DCA2C1B0A6C00A4665E /* Base in Resources */,
			);
			runOnlyForDeploymentPostprocessing = 0;
		};
/* End PBXResourcesBuildPhase section */

/* Begin PBXSourcesBuildPhase section */
		883A7DBB2C1B0A6C00A4665E /* Sources */ = {
			isa = PBXSourcesBuildPhase;
			buildActionMask = 2147483647;
			files = (
				887B29A12C1B1592009F3630 /* RoundButton.swift in Sources */,
				887B299B2C1B1424009F3630 /* BaseProtocol.swift in Sources */,
				883A7DC72C1B0A6C00A4665E /* ViewController.swift in Sources */,
				883A7DC32C1B0A6C00A4665E /* AppDelegate.swift in Sources */,
				887B29982C1B133C009F3630 /* OnboardingViewController.swift in Sources */,
				887B299E2C1B14A9009F3630 /* UIViewController+Extension.swift in Sources */,
				883A7DC52C1B0A6C00A4665E /* SceneDelegate.swift in Sources */,
				880448762C1B0E6C00DB7B26 /* Constant.swift in Sources */,
			);
			runOnlyForDeploymentPostprocessing = 0;
		};
/* End PBXSourcesBuildPhase section */

/* Begin PBXVariantGroup section */
		883A7DC82C1B0A6C00A4665E /* Main.storyboard */ = {
			isa = PBXVariantGroup;
			children = (
				883A7DC92C1B0A6C00A4665E /* Base */,
			);
			name = Main.storyboard;
			sourceTree = "<group>";
		};
		883A7DCD2C1B0A6D00A4665E /* LaunchScreen.storyboard */ = {
			isa = PBXVariantGroup;
			children = (
				883A7DCE2C1B0A6D00A4665E /* Base */,
			);
			name = LaunchScreen.storyboard;
			sourceTree = "<group>";
		};
/* End PBXVariantGroup section */

/* Begin XCBuildConfiguration section */
		883A7DD12C1B0A6D00A4665E /* Debug */ = {
			isa = XCBuildConfiguration;
			buildSettings = {
				ALWAYS_SEARCH_USER_PATHS = NO;
				ASSETCATALOG_COMPILER_GENERATE_SWIFT_ASSET_SYMBOL_EXTENSIONS = YES;
				CLANG_ANALYZER_NONNULL = YES;
				CLANG_ANALYZER_NUMBER_OBJECT_CONVERSION = YES_AGGRESSIVE;
				CLANG_CXX_LANGUAGE_STANDARD = "gnu++20";
				CLANG_ENABLE_MODULES = YES;
				CLANG_ENABLE_OBJC_ARC = YES;
				CLANG_ENABLE_OBJC_WEAK = YES;
				CLANG_WARN_BLOCK_CAPTURE_AUTORELEASING = YES;
				CLANG_WARN_BOOL_CONVERSION = YES;
				CLANG_WARN_COMMA = YES;
				CLANG_WARN_CONSTANT_CONVERSION = YES;
				CLANG_WARN_DEPRECATED_OBJC_IMPLEMENTATIONS = YES;
				CLANG_WARN_DIRECT_OBJC_ISA_USAGE = YES_ERROR;
				CLANG_WARN_DOCUMENTATION_COMMENTS = YES;
				CLANG_WARN_EMPTY_BODY = YES;
				CLANG_WARN_ENUM_CONVERSION = YES;
				CLANG_WARN_INFINITE_RECURSION = YES;
				CLANG_WARN_INT_CONVERSION = YES;
				CLANG_WARN_NON_LITERAL_NULL_CONVERSION = YES;
				CLANG_WARN_OBJC_IMPLICIT_RETAIN_SELF = YES;
				CLANG_WARN_OBJC_LITERAL_CONVERSION = YES;
				CLANG_WARN_OBJC_ROOT_CLASS = YES_ERROR;
				CLANG_WARN_QUOTED_INCLUDE_IN_FRAMEWORK_HEADER = YES;
				CLANG_WARN_RANGE_LOOP_ANALYSIS = YES;
				CLANG_WARN_STRICT_PROTOTYPES = YES;
				CLANG_WARN_SUSPICIOUS_MOVE = YES;
				CLANG_WARN_UNGUARDED_AVAILABILITY = YES_AGGRESSIVE;
				CLANG_WARN_UNREACHABLE_CODE = YES;
				CLANG_WARN__DUPLICATE_METHOD_MATCH = YES;
				COPY_PHASE_STRIP = NO;
				DEBUG_INFORMATION_FORMAT = dwarf;
				ENABLE_STRICT_OBJC_MSGSEND = YES;
				ENABLE_TESTABILITY = YES;
				ENABLE_USER_SCRIPT_SANDBOXING = YES;
				GCC_C_LANGUAGE_STANDARD = gnu17;
				GCC_DYNAMIC_NO_PIC = NO;
				GCC_NO_COMMON_BLOCKS = YES;
				GCC_OPTIMIZATION_LEVEL = 0;
				GCC_PREPROCESSOR_DEFINITIONS = (
					"DEBUG=1",
					"$(inherited)",
				);
				GCC_WARN_64_TO_32_BIT_CONVERSION = YES;
				GCC_WARN_ABOUT_RETURN_TYPE = YES_ERROR;
				GCC_WARN_UNDECLARED_SELECTOR = YES;
				GCC_WARN_UNINITIALIZED_AUTOS = YES_AGGRESSIVE;
				GCC_WARN_UNUSED_FUNCTION = YES;
				GCC_WARN_UNUSED_VARIABLE = YES;
				IPHONEOS_DEPLOYMENT_TARGET = 17.5;
				LOCALIZATION_PREFERS_STRING_CATALOGS = YES;
				MTL_ENABLE_DEBUG_INFO = INCLUDE_SOURCE;
				MTL_FAST_MATH = YES;
				ONLY_ACTIVE_ARCH = YES;
				SDKROOT = iphoneos;
				SWIFT_ACTIVE_COMPILATION_CONDITIONS = "DEBUG $(inherited)";
				SWIFT_OPTIMIZATION_LEVEL = "-Onone";
			};
			name = Debug;
		};
		883A7DD22C1B0A6D00A4665E /* Release */ = {
			isa = XCBuildConfiguration;
			buildSettings = {
				ALWAYS_SEARCH_USER_PATHS = NO;
				ASSETCATALOG_COMPILER_GENERATE_SWIFT_ASSET_SYMBOL_EXTENSIONS = YES;
				CLANG_ANALYZER_NONNULL = YES;
				CLANG_ANALYZER_NUMBER_OBJECT_CONVERSION = YES_AGGRESSIVE;
				CLANG_CXX_LANGUAGE_STANDARD = "gnu++20";
				CLANG_ENABLE_MODULES = YES;
				CLANG_ENABLE_OBJC_ARC = YES;
				CLANG_ENABLE_OBJC_WEAK = YES;
				CLANG_WARN_BLOCK_CAPTURE_AUTORELEASING = YES;
				CLANG_WARN_BOOL_CONVERSION = YES;
				CLANG_WARN_COMMA = YES;
				CLANG_WARN_CONSTANT_CONVERSION = YES;
				CLANG_WARN_DEPRECATED_OBJC_IMPLEMENTATIONS = YES;
				CLANG_WARN_DIRECT_OBJC_ISA_USAGE = YES_ERROR;
				CLANG_WARN_DOCUMENTATION_COMMENTS = YES;
				CLANG_WARN_EMPTY_BODY = YES;
				CLANG_WARN_ENUM_CONVERSION = YES;
				CLANG_WARN_INFINITE_RECURSION = YES;
				CLANG_WARN_INT_CONVERSION = YES;
				CLANG_WARN_NON_LITERAL_NULL_CONVERSION = YES;
				CLANG_WARN_OBJC_IMPLICIT_RETAIN_SELF = YES;
				CLANG_WARN_OBJC_LITERAL_CONVERSION = YES;
				CLANG_WARN_OBJC_ROOT_CLASS = YES_ERROR;
				CLANG_WARN_QUOTED_INCLUDE_IN_FRAMEWORK_HEADER = YES;
				CLANG_WARN_RANGE_LOOP_ANALYSIS = YES;
				CLANG_WARN_STRICT_PROTOTYPES = YES;
				CLANG_WARN_SUSPICIOUS_MOVE = YES;
				CLANG_WARN_UNGUARDED_AVAILABILITY = YES_AGGRESSIVE;
				CLANG_WARN_UNREACHABLE_CODE = YES;
				CLANG_WARN__DUPLICATE_METHOD_MATCH = YES;
				COPY_PHASE_STRIP = NO;
				DEBUG_INFORMATION_FORMAT = "dwarf-with-dsym";
				ENABLE_NS_ASSERTIONS = NO;
				ENABLE_STRICT_OBJC_MSGSEND = YES;
				ENABLE_USER_SCRIPT_SANDBOXING = YES;
				GCC_C_LANGUAGE_STANDARD = gnu17;
				GCC_NO_COMMON_BLOCKS = YES;
				GCC_WARN_64_TO_32_BIT_CONVERSION = YES;
				GCC_WARN_ABOUT_RETURN_TYPE = YES_ERROR;
				GCC_WARN_UNDECLARED_SELECTOR = YES;
				GCC_WARN_UNINITIALIZED_AUTOS = YES_AGGRESSIVE;
				GCC_WARN_UNUSED_FUNCTION = YES;
				GCC_WARN_UNUSED_VARIABLE = YES;
				IPHONEOS_DEPLOYMENT_TARGET = 17.5;
				LOCALIZATION_PREFERS_STRING_CATALOGS = YES;
				MTL_ENABLE_DEBUG_INFO = NO;
				MTL_FAST_MATH = YES;
				SDKROOT = iphoneos;
				SWIFT_COMPILATION_MODE = wholemodule;
				VALIDATE_PRODUCT = YES;
			};
			name = Release;
		};
		883A7DD42C1B0A6D00A4665E /* Debug */ = {
			isa = XCBuildConfiguration;
			buildSettings = {
				ASSETCATALOG_COMPILER_APPICON_NAME = AppIcon;
				ASSETCATALOG_COMPILER_GLOBAL_ACCENT_COLOR_NAME = AccentColor;
				CODE_SIGN_STYLE = Automatic;
				CURRENT_PROJECT_VERSION = 1;
				GENERATE_INFOPLIST_FILE = YES;
				INFOPLIST_FILE = MeaningOut/Info.plist;
				INFOPLIST_KEY_CFBundleDisplayName = "홍정민";
				INFOPLIST_KEY_UIApplicationSupportsIndirectInputEvents = YES;
				INFOPLIST_KEY_UILaunchStoryboardName = LaunchScreen;
				INFOPLIST_KEY_UISupportedInterfaceOrientations = UIInterfaceOrientationPortrait;
				INFOPLIST_KEY_UISupportedInterfaceOrientations_iPad = UIInterfaceOrientationPortrait;
				IPHONEOS_DEPLOYMENT_TARGET = 15.0;
				LD_RUNPATH_SEARCH_PATHS = (
					"$(inherited)",
					"@executable_path/Frameworks",
				);
				MARKETING_VERSION = 1.0;
				PRODUCT_BUNDLE_IDENTIFIER = com.jm.MeaningOut;
				PRODUCT_NAME = "$(TARGET_NAME)";
				SUPPORTED_PLATFORMS = "iphoneos iphonesimulator";
				SUPPORTS_MACCATALYST = NO;
				SUPPORTS_MAC_DESIGNED_FOR_IPHONE_IPAD = NO;
				SUPPORTS_XR_DESIGNED_FOR_IPHONE_IPAD = NO;
				SWIFT_EMIT_LOC_STRINGS = YES;
				SWIFT_VERSION = 5.0;
				TARGETED_DEVICE_FAMILY = 1;
			};
			name = Debug;
		};
		883A7DD52C1B0A6D00A4665E /* Release */ = {
			isa = XCBuildConfiguration;
			buildSettings = {
				ASSETCATALOG_COMPILER_APPICON_NAME = AppIcon;
				ASSETCATALOG_COMPILER_GLOBAL_ACCENT_COLOR_NAME = AccentColor;
				CODE_SIGN_STYLE = Automatic;
				CURRENT_PROJECT_VERSION = 1;
				GENERATE_INFOPLIST_FILE = YES;
				INFOPLIST_FILE = MeaningOut/Info.plist;
				INFOPLIST_KEY_CFBundleDisplayName = "홍정민";
				INFOPLIST_KEY_UIApplicationSupportsIndirectInputEvents = YES;
				INFOPLIST_KEY_UILaunchStoryboardName = LaunchScreen;
				INFOPLIST_KEY_UISupportedInterfaceOrientations = UIInterfaceOrientationPortrait;
				INFOPLIST_KEY_UISupportedInterfaceOrientations_iPad = UIInterfaceOrientationPortrait;
				IPHONEOS_DEPLOYMENT_TARGET = 15.0;
				LD_RUNPATH_SEARCH_PATHS = (
					"$(inherited)",
					"@executable_path/Frameworks",
				);
				MARKETING_VERSION = 1.0;
				PRODUCT_BUNDLE_IDENTIFIER = com.jm.MeaningOut;
				PRODUCT_NAME = "$(TARGET_NAME)";
				SUPPORTED_PLATFORMS = "iphoneos iphonesimulator";
				SUPPORTS_MACCATALYST = NO;
				SUPPORTS_MAC_DESIGNED_FOR_IPHONE_IPAD = NO;
				SUPPORTS_XR_DESIGNED_FOR_IPHONE_IPAD = NO;
				SWIFT_EMIT_LOC_STRINGS = YES;
				SWIFT_VERSION = 5.0;
				TARGETED_DEVICE_FAMILY = 1;
			};
			name = Release;
		};
/* End XCBuildConfiguration section */

/* Begin XCConfigurationList section */
		883A7DBA2C1B0A6C00A4665E /* Build configuration list for PBXProject "MeaningOut" */ = {
			isa = XCConfigurationList;
			buildConfigurations = (
				883A7DD12C1B0A6D00A4665E /* Debug */,
				883A7DD22C1B0A6D00A4665E /* Release */,
			);
			defaultConfigurationIsVisible = 0;
			defaultConfigurationName = Release;
		};
		883A7DD32C1B0A6D00A4665E /* Build configuration list for PBXNativeTarget "MeaningOut" */ = {
			isa = XCConfigurationList;
			buildConfigurations = (
				883A7DD42C1B0A6D00A4665E /* Debug */,
				883A7DD52C1B0A6D00A4665E /* Release */,
			);
			defaultConfigurationIsVisible = 0;
			defaultConfigurationName = Release;
		};
/* End XCConfigurationList section */

/* Begin XCRemoteSwiftPackageReference section */
		883A7DD82C1B0B7700A4665E /* XCRemoteSwiftPackageReference "IQKeyboardManager" */ = {
			isa = XCRemoteSwiftPackageReference;
			repositoryURL = "https://github.com/hackiftekhar/IQKeyboardManager.git";
			requirement = {
				kind = upToNextMajorVersion;
				minimumVersion = 7.0.3;
			};
		};
		883A7DDB2C1B0B8000A4665E /* XCRemoteSwiftPackageReference "SnapKit" */ = {
			isa = XCRemoteSwiftPackageReference;
			repositoryURL = "https://github.com/SnapKit/SnapKit.git";
			requirement = {
				kind = upToNextMajorVersion;
				minimumVersion = 5.7.1;
			};
		};
		883A7DDE2C1B0B8A00A4665E /* XCRemoteSwiftPackageReference "Alamofire" */ = {
			isa = XCRemoteSwiftPackageReference;
			repositoryURL = "https://github.com/Alamofire/Alamofire.git";
			requirement = {
				kind = upToNextMajorVersion;
				minimumVersion = 5.9.1;
			};
		};
		883A7DE12C1B0B9700A4665E /* XCRemoteSwiftPackageReference "Toast-Swift" */ = {
			isa = XCRemoteSwiftPackageReference;
			repositoryURL = "https://github.com/scalessec/Toast-Swift.git";
			requirement = {
				kind = upToNextMajorVersion;
				minimumVersion = 5.1.1;
			};
		};
		883A7DE42C1B0BA400A4665E /* XCRemoteSwiftPackageReference "Kingfisher" */ = {
			isa = XCRemoteSwiftPackageReference;
			repositoryURL = "https://github.com/onevcat/Kingfisher";
			requirement = {
				kind = upToNextMajorVersion;
				minimumVersion = 7.12.0;
			};
		};
/* End XCRemoteSwiftPackageReference section */

/* Begin XCSwiftPackageProductDependency section */
		883A7DD92C1B0B7700A4665E /* IQKeyboardManagerSwift */ = {
			isa = XCSwiftPackageProductDependency;
			package = 883A7DD82C1B0B7700A4665E /* XCRemoteSwiftPackageReference "IQKeyboardManager" */;
			productName = IQKeyboardManagerSwift;
		};
		883A7DDC2C1B0B8000A4665E /* SnapKit */ = {
			isa = XCSwiftPackageProductDependency;
			package = 883A7DDB2C1B0B8000A4665E /* XCRemoteSwiftPackageReference "SnapKit" */;
			productName = SnapKit;
		};
		883A7DDF2C1B0B8A00A4665E /* Alamofire */ = {
			isa = XCSwiftPackageProductDependency;
			package = 883A7DDE2C1B0B8A00A4665E /* XCRemoteSwiftPackageReference "Alamofire" */;
			productName = Alamofire;
		};
		883A7DE22C1B0B9700A4665E /* Toast */ = {
			isa = XCSwiftPackageProductDependency;
			package = 883A7DE12C1B0B9700A4665E /* XCRemoteSwiftPackageReference "Toast-Swift" */;
			productName = Toast;
		};
		883A7DE52C1B0BA400A4665E /* Kingfisher */ = {
			isa = XCSwiftPackageProductDependency;
			package = 883A7DE42C1B0BA400A4665E /* XCRemoteSwiftPackageReference "Kingfisher" */;
			productName = Kingfisher;
		};
/* End XCSwiftPackageProductDependency section */
	};
	rootObject = 883A7DB72C1B0A6C00A4665E /* Project object */;
}
